{
  "version": 4,
  "terraform_version": "1.9.3",
  "serial": 5,
  "lineage": "cb0a8d43-cc23-7f26-50de-ae9e5d8b25ec",
  "outputs": {
    "production_url": {
      "value": "angular-38cgjf5rc-jayspatel21503gmailcoms-projects.vercel.app",
      "type": "string"
    }
  },
  "resources": [
    {
      "mode": "managed",
      "type": "vercel_deployment",
      "name": "production",
      "provider": "provider[\"registry.terraform.io/vercel/vercel\"]",
      "instances": [
        {
          "schema_version": 0,
          "attributes": {
            "delete_on_destroy": null,
            "domains": [
              "angular-khaki-ten.vercel.app",
              "angular-jayspatel21503gmailcoms-projects.vercel.app",
              "angular-git-main-jayspatel21503gmailcoms-projects.vercel.app"
            ],
            "environment": null,
            "files": null,
            "id": "dpl_f5v9VMbwoo7Y3CWc3SuLJBMdjgKC",
            "path_prefix": null,
            "production": true,
            "project_id": "prj_A5eRlC4jeFNsNFCE0AlNdnU1PJ3D",
            "project_settings": null,
            "ref": "main",
            "team_id": null,
            "url": "angular-38cgjf5rc-jayspatel21503gmailcoms-projects.vercel.app"
          },
          "sensitive_attributes": [],
          "dependencies": [
            "vercel_project.project"
          ]
        }
      ]
    },
    {
      "mode": "managed",
      "type": "vercel_project",
      "name": "project",
      "provider": "provider[\"registry.terraform.io/vercel/vercel\"]",
      "instances": [
        {
          "schema_version": 0,
          "attributes": {
            "build_command": null,
            "dev_command": null,
            "environment": null,
            "framework": "angular",
            "git_repository": {
              "production_branch": "main",
              "repo": "Jayspatel21/angular",
              "type": "github"
            },
            "id": "prj_A5eRlC4jeFNsNFCE0AlNdnU1PJ3D",
            "ignore_command": null,
            "install_command": null,
            "name": "angular",
            "output_directory": null,
            "public_source": null,
            "root_directory": null,
            "serverless_function_region": "iad1",
            "team_id": null
          },
          "sensitive_attributes": []
        }
      ]
    }
  ],
  "check_results": null
}
